# THIS IS AN AUTOGENERATED FILE. DO NOT EDIT THIS FILE DIRECTLY.
# yarn lockfile v1


"@types/node@*":
  version "12.0.3"
  resolved "http://npm.icsoc.net/@types%2fnode/-/node-12.0.3.tgz#5d8d24e0033fc6393efadc85cb59c1f638095c9a"

accepts@^1.3.5:
  version "1.3.7"
  resolved "http://npm.icsoc.net/accepts/-/accepts-1.3.7.tgz#531bc726517a3b2b41f850021c6cc15eaab507cd"
  dependencies:
    mime-types "~2.1.24"
    negotiator "0.6.2"

any-promise@^1.1.0, any-promise@^1.3.0:
  version "1.3.0"
  resolved "http://npm.icsoc.net/any-promise/-/any-promise-1.3.0.tgz#abc6afeedcea52e809cdc0376aed3ce39635d17f"

async@^2.6.2:
  version "2.6.2"
  resolved "http://npm.icsoc.net/async/-/async-2.6.2.tgz#18330ea7e6e313887f5d2f2a904bac6fe4dd5381"
  dependencies:
    lodash "^4.17.11"

bignumber.js@7.2.1:
  version "7.2.1"
  resolved "http://npm.icsoc.net/bignumber.js/-/bignumber.js-7.2.1.tgz#80c048759d826800807c4bfd521e50edbba57a5f"

bluebird@^3.5.0, bluebird@^3.5.3:
  version "3.5.5"
  resolved "http://npm.icsoc.net/bluebird/-/bluebird-3.5.5.tgz#a8d0afd73251effbbd5fe384a77d73003c17a71f"

bytes@3.1.0, bytes@^3.0.0:
  version "3.1.0"
  resolved "http://npm.icsoc.net/bytes/-/bytes-3.1.0.tgz#f6cf7933a360e0588fa9fde85651cdc7f805d1f6"

cache-content-type@^1.0.0:
  version "1.0.1"
  resolved "http://npm.icsoc.net/cache-content-type/-/cache-content-type-1.0.1.tgz#035cde2b08ee2129f4a8315ea8f00a00dba1453c"
  dependencies:
    mime-types "^2.1.18"
    ylru "^1.2.0"

cls-bluebird@^2.1.0:
  version "2.1.0"
  resolved "http://npm.icsoc.net/cls-bluebird/-/cls-bluebird-2.1.0.tgz#37ef1e080a8ffb55c2f4164f536f1919e7968aee"
  dependencies:
    is-bluebird "^1.0.2"
    shimmer "^1.1.0"

co-body@^6.0.0:
  version "6.0.0"
  resolved "http://npm.icsoc.net/co-body/-/co-body-6.0.0.tgz#965b9337d7f5655480787471f4237664820827e3"
  dependencies:
    inflation "^2.0.0"
    qs "^6.5.2"
    raw-body "^2.3.3"
    type-is "^1.6.16"

co@^4.6.0:
  version "4.6.0"
  resolved "http://npm.icsoc.net/co/-/co-4.6.0.tgz#6ea6bdf3d853ae54ccb8e47bfa0bf3f9031fb184"

compress@^0.99.0:
  version "0.99.0"
  resolved "http://npm.icsoc.net/compress/-/compress-0.99.0.tgz#97e301c25c4d01f097d85103f65eccb2e7796502"

compressible@^2.0.0:
  version "2.0.17"
  resolved "http://npm.icsoc.net/compressible/-/compressible-2.0.17.tgz#6e8c108a16ad58384a977f3a482ca20bff2f38c1"
  dependencies:
    mime-db ">= 1.40.0 < 2"

content-disposition@~0.5.2:
  version "0.5.3"
  resolved "http://npm.icsoc.net/content-disposition/-/content-disposition-0.5.3.tgz#e130caf7e7279087c5616c2007d0485698984fbd"
  dependencies:
    safe-buffer "5.1.2"

content-type@^1.0.4:
  version "1.0.4"
  resolved "http://npm.icsoc.net/content-type/-/content-type-1.0.4.tgz#e138cc75e040c727b1966fe5e5f8c9aee256fe3b"

cookies@~0.7.1:
  version "0.7.3"
  resolved "http://npm.icsoc.net/cookies/-/cookies-0.7.3.tgz#7912ce21fbf2e8c2da70cf1c3f351aecf59dadfa"
  dependencies:
    depd "~1.1.2"
    keygrip "~1.0.3"

copy-to@^2.0.1:
  version "2.0.1"
  resolved "http://npm.icsoc.net/copy-to/-/copy-to-2.0.1.tgz#2680fbb8068a48d08656b6098092bdafc906f4a5"

core-util-is@~1.0.0:
  version "1.0.2"
  resolved "http://npm.icsoc.net/core-util-is/-/core-util-is-1.0.2.tgz#b5fd54220aa2bc5ab57aab7140c940754503c1a7"

date-format@^2.0.0:
  version "2.0.0"
  resolved "http://npm.icsoc.net/date-format/-/date-format-2.0.0.tgz#7cf7b172f1ec564f0003b39ea302c5498fb98c8f"

debug@^3.2.6:
  version "3.2.6"
  resolved "http://npm.icsoc.net/debug/-/debug-3.2.6.tgz#e83d17de16d8a7efb7717edbe5fb10135eee629b"
  dependencies:
    ms "^2.1.1"

debug@^4.1.1:
  version "4.1.1"
  resolved "http://npm.icsoc.net/debug/-/debug-4.1.1.tgz#3b72260255109c6b589cee050f1d516139664791"
  dependencies:
    ms "^2.1.1"

debug@~3.1.0:
  version "3.1.0"
  resolved "http://npm.icsoc.net/debug/-/debug-3.1.0.tgz#5bb5a0672628b64149566ba16819e61518c67261"
  dependencies:
    ms "2.0.0"

deep-equal@~1.0.1:
  version "1.0.1"
  resolved "http://npm.icsoc.net/deep-equal/-/deep-equal-1.0.1.tgz#f5d260292b660e084eff4cdbc9f08ad3247448b5"

delegates@^1.0.0:
  version "1.0.0"
  resolved "http://npm.icsoc.net/delegates/-/delegates-1.0.0.tgz#84c6e159b81904fdca59a0ef44cd870d31250f9a"

denque@^1.4.0:
  version "1.4.1"
  resolved "http://npm.icsoc.net/denque/-/denque-1.4.1.tgz#6744ff7641c148c3f8a69c307e51235c1f4a37cf"

depd@^1.1.2, depd@~1.1.2:
  version "1.1.2"
  resolved "http://npm.icsoc.net/depd/-/depd-1.1.2.tgz#9bcd52e14c097763e749b274c4346ed2e560b5a9"

destroy@^1.0.4:
  version "1.0.4"
  resolved "http://npm.icsoc.net/destroy/-/destroy-1.0.4.tgz#978857442c44749e4206613e37946205826abd80"

dottie@^2.0.0:
  version "2.0.1"
  resolved "http://npm.icsoc.net/dottie/-/dottie-2.0.1.tgz#697ad9d72004db7574d21f892466a3c285893659"

ee-first@1.1.1:
  version "1.1.1"
  resolved "http://npm.icsoc.net/ee-first/-/ee-first-1.1.1.tgz#590c61156b0ae2f4f0255732a158b266bc56b21d"

error-inject@^1.0.0:
  version "1.0.0"
  resolved "http://npm.icsoc.net/error-inject/-/error-inject-1.0.0.tgz#e2b3d91b54aed672f309d950d154850fa11d4f37"

escape-html@^1.0.3:
  version "1.0.3"
  resolved "http://npm.icsoc.net/escape-html/-/escape-html-1.0.3.tgz#0258eae4d3d0c0974de1c169188ef0051d1d1988"

flatted@^2.0.0:
  version "2.0.0"
  resolved "http://npm.icsoc.net/flatted/-/flatted-2.0.0.tgz#55122b6536ea496b4b44893ee2608141d10d9916"

fresh@~0.5.2:
  version "0.5.2"
  resolved "http://npm.icsoc.net/fresh/-/fresh-0.5.2.tgz#3d8cadd90d976569fa835ab1f8e4b23a105605a7"

fs-extra@^7.0.1:
  version "7.0.1"
  resolved "http://npm.icsoc.net/fs-extra/-/fs-extra-7.0.1.tgz#4f189c44aa123b895f722804f55ea23eadc348e9"
  dependencies:
    graceful-fs "^4.1.2"
    jsonfile "^4.0.0"
    universalify "^0.1.0"

generate-function@^2.3.1:
  version "2.3.1"
  resolved "http://npm.icsoc.net/generate-function/-/generate-function-2.3.1.tgz#f069617690c10c868e73b8465746764f97c3479f"
  dependencies:
    is-property "^1.0.2"

graceful-fs@^4.1.2, graceful-fs@^4.1.6:
  version "4.1.15"
  resolved "http://npm.icsoc.net/graceful-fs/-/graceful-fs-4.1.15.tgz#ffb703e1066e8a0eeaa4c8b80ba9253eeefbfb00"

http-assert@^1.3.0:
  version "1.4.1"
  resolved "http://npm.icsoc.net/http-assert/-/http-assert-1.4.1.tgz#c5f725d677aa7e873ef736199b89686cceb37878"
  dependencies:
    deep-equal "~1.0.1"
    http-errors "~1.7.2"

http-errors@1.7.2, http-errors@^1.6.3, http-errors@~1.7.2:
  version "1.7.2"
  resolved "http://npm.icsoc.net/http-errors/-/http-errors-1.7.2.tgz#4f5029cf13239f31036e5b2e55292bcfbcc85c8f"
  dependencies:
    depd "~1.1.2"
    inherits "2.0.3"
    setprototypeof "1.1.1"
    statuses ">= 1.5.0 < 2"
    toidentifier "1.0.0"

iconv-lite@0.4.24, iconv-lite@^0.4.24:
  version "0.4.24"
  resolved "http://npm.icsoc.net/iconv-lite/-/iconv-lite-0.4.24.tgz#2022b4b25fbddc21d2f524974a474aafe733908b"
  dependencies:
    safer-buffer ">= 2.1.2 < 3"

inflation@^2.0.0:
  version "2.0.0"
  resolved "http://npm.icsoc.net/inflation/-/inflation-2.0.0.tgz#8b417e47c28f925a45133d914ca1fd389107f30f"

inflection@1.12.0:
  version "1.12.0"
  resolved "http://npm.icsoc.net/inflection/-/inflection-1.12.0.tgz#a200935656d6f5f6bc4dc7502e1aecb703228416"

inherits@2.0.3, inherits@~2.0.3:
  version "2.0.3"
  resolved "http://npm.icsoc.net/inherits/-/inherits-2.0.3.tgz#633c2c83e3da42a502f52466022480f4208261de"

is-bluebird@^1.0.2:
  version "1.0.2"
  resolved "http://npm.icsoc.net/is-bluebird/-/is-bluebird-1.0.2.tgz#096439060f4aa411abee19143a84d6a55346d6e2"

is-generator-function@^1.0.7:
  version "1.0.7"
  resolved "http://npm.icsoc.net/is-generator-function/-/is-generator-function-1.0.7.tgz#d2132e529bb0000a7f80794d4bdf5cd5e5813522"

is-property@^1.0.2:
  version "1.0.2"
  resolved "http://npm.icsoc.net/is-property/-/is-property-1.0.2.tgz#57fe1c4e48474edd65b09911f26b1cd4095dda84"

isarray@~1.0.0:
  version "1.0.0"
  resolved "http://npm.icsoc.net/isarray/-/isarray-1.0.0.tgz#bb935d48582cba168c06834957a54a3e07124f11"

json-stringify-safe@5:
  version "5.0.1"
  resolved "http://npm.icsoc.net/json-stringify-safe/-/json-stringify-safe-5.0.1.tgz#1296a2d58fd45f19a0f6ce01d65701e2c735b6eb"

jsonfile@^4.0.0:
  version "4.0.0"
  resolved "http://npm.icsoc.net/jsonfile/-/jsonfile-4.0.0.tgz#8771aae0799b64076b76640fca058f9c10e33ecb"
  optionalDependencies:
    graceful-fs "^4.1.6"

keygrip@~1.0.3:
  version "1.0.3"
  resolved "http://npm.icsoc.net/keygrip/-/keygrip-1.0.3.tgz#399d709f0aed2bab0a059e0cdd3a5023a053e1dc"

koa-bodyparser@^4.2.1:
  version "4.2.1"
  resolved "http://npm.icsoc.net/koa-bodyparser/-/koa-bodyparser-4.2.1.tgz#4d7dacb5e6db1106649b595d9e5ccb158b6f3b29"
  dependencies:
    co-body "^6.0.0"
    copy-to "^2.0.1"

koa-compose@^3.0.0:
  version "3.2.1"
  resolved "http://npm.icsoc.net/koa-compose/-/koa-compose-3.2.1.tgz#a85ccb40b7d986d8e5a345b3a1ace8eabcf54de7"
  dependencies:
    any-promise "^1.1.0"

koa-compose@^4.1.0:
  version "4.1.0"
  resolved "http://npm.icsoc.net/koa-compose/-/koa-compose-4.1.0.tgz#507306b9371901db41121c812e923d0d67d3e877"

koa-compress@^3.0.0:
  version "3.0.0"
  resolved "http://npm.icsoc.net/koa-compress/-/koa-compress-3.0.0.tgz#3194059c215cbc24e59bbc84c2c7453a4c88564f"
  dependencies:
    bytes "^3.0.0"
    compressible "^2.0.0"
    koa-is-json "^1.0.0"
    statuses "^1.0.0"

koa-convert@^1.2.0:
  version "1.2.0"
  resolved "http://npm.icsoc.net/koa-convert/-/koa-convert-1.2.0.tgz#da40875df49de0539098d1700b50820cebcd21d0"
  dependencies:
    co "^4.6.0"
    koa-compose "^3.0.0"

koa-is-json@1, koa-is-json@^1.0.0:
  version "1.0.0"
  resolved "http://npm.icsoc.net/koa-is-json/-/koa-is-json-1.0.0.tgz#273c07edcdcb8df6a2c1ab7d59ee76491451ec14"

koa-json@^2.0.2:
  version "2.0.2"
  resolved "http://npm.icsoc.net/koa-json/-/koa-json-2.0.2.tgz#36af14e6ea1f5d646d7c44a285701c6f85a4fde4"
  dependencies:
    koa-is-json "1"
    streaming-json-stringify "3"

koa@^2.7.0:
  version "2.7.0"
  resolved "http://npm.icsoc.net/koa/-/koa-2.7.0.tgz#7e00843506942b9d82c6cc33749f657c6e5e7adf"
  dependencies:
    accepts "^1.3.5"
    cache-content-type "^1.0.0"
    content-disposition "~0.5.2"
    content-type "^1.0.4"
    cookies "~0.7.1"
    debug "~3.1.0"
    delegates "^1.0.0"
    depd "^1.1.2"
    destroy "^1.0.4"
    error-inject "^1.0.0"
    escape-html "^1.0.3"
    fresh "~0.5.2"
    http-assert "^1.3.0"
    http-errors "^1.6.3"
    is-generator-function "^1.0.7"
    koa-compose "^4.1.0"
    koa-convert "^1.2.0"
    koa-is-json "^1.0.0"
    on-finished "^2.3.0"
    only "~0.0.2"
    parseurl "^1.3.2"
    statuses "^1.5.0"
    type-is "^1.6.16"
    vary "^1.1.2"

lodash@^4.17.11:
  version "4.17.11"
  resolved "http://npm.icsoc.net/lodash/-/lodash-4.17.11.tgz#b39ea6229ef607ecd89e2c8df12536891cac9b8d"

log4js@^4.3.1:
  version "4.3.1"
  resolved "http://npm.icsoc.net/log4js/-/log4js-4.3.1.tgz#026cb6fb3cd5b9c4682a96478c356c97b497686e"
  dependencies:
    date-format "^2.0.0"
    debug "^4.1.1"
    flatted "^2.0.0"
    rfdc "^1.1.2"
    streamroller "^1.0.5"

long@^4.0.0:
  version "4.0.0"
  resolved "http://npm.icsoc.net/long/-/long-4.0.0.tgz#9a7b71cfb7d361a194ea555241c92f7468d5bf28"

lru-cache@^4.1.3:
  version "4.1.5"
  resolved "http://npm.icsoc.net/lru-cache/-/lru-cache-4.1.5.tgz#8bbe50ea85bed59bc9e33dcab8235ee9bcf443cd"
  dependencies:
    pseudomap "^1.0.2"
    yallist "^2.1.2"

media-typer@0.3.0:
  version "0.3.0"
  resolved "http://npm.icsoc.net/media-typer/-/media-typer-0.3.0.tgz#8710d7af0aa626f8fffa1ce00168545263255748"

mime-db@1.40.0, "mime-db@>= 1.40.0 < 2":
  version "1.40.0"
  resolved "http://npm.icsoc.net/mime-db/-/mime-db-1.40.0.tgz#a65057e998db090f732a68f6c276d387d4126c32"

mime-types@^2.1.18, mime-types@~2.1.24:
  version "2.1.24"
  resolved "http://npm.icsoc.net/mime-types/-/mime-types-2.1.24.tgz#b6f8d0b3e951efb77dedeca194cff6d16f676f81"
  dependencies:
    mime-db "1.40.0"

moment-timezone@^0.5.21:
  version "0.5.25"
  resolved "http://npm.icsoc.net/moment-timezone/-/moment-timezone-0.5.25.tgz#a11bfa2f74e088327f2cd4c08b3e7bdf55957810"
  dependencies:
    moment ">= 2.9.0"

"moment@>= 2.9.0", moment@^2.24.0:
  version "2.24.0"
  resolved "http://npm.icsoc.net/moment/-/moment-2.24.0.tgz#0d055d53f5052aa653c9f6eb68bb5d12bf5c2b5b"

ms@2.0.0:
  version "2.0.0"
  resolved "http://npm.icsoc.net/ms/-/ms-2.0.0.tgz#5608aeadfc00be6c2901df5f9861788de0d597c8"

ms@^2.1.1:
  version "2.1.1"
  resolved "http://npm.icsoc.net/ms/-/ms-2.1.1.tgz#30a5864eb3ebb0a66f2ebe6d727af06a09d86e0a"

mysql2@^1.6.5:
  version "1.6.5"
  resolved "http://npm.icsoc.net/mysql2/-/mysql2-1.6.5.tgz#6695304fa2ce793dda5c98e8bbec65cbd2e6cb9d"
  dependencies:
    denque "^1.4.0"
    generate-function "^2.3.1"
    iconv-lite "^0.4.24"
    long "^4.0.0"
    lru-cache "^4.1.3"
    named-placeholders "^1.1.2"
    seq-queue "^0.0.5"
    sqlstring "^2.3.1"

mysql@^2.17.1:
  version "2.17.1"
  resolved "http://npm.icsoc.net/mysql/-/mysql-2.17.1.tgz#62bba4a039a9b2f73638cd1652ce50fc6f682899"
  dependencies:
    bignumber.js "7.2.1"
    readable-stream "2.3.6"
    safe-buffer "5.1.2"
    sqlstring "2.3.1"

named-placeholders@^1.1.2:
  version "1.1.2"
  resolved "http://npm.icsoc.net/named-placeholders/-/named-placeholders-1.1.2.tgz#ceb1fbff50b6b33492b5cf214ccf5e39cef3d0e8"
  dependencies:
    lru-cache "^4.1.3"

negotiator@0.6.2:
  version "0.6.2"
  resolved "http://npm.icsoc.net/negotiator/-/negotiator-0.6.2.tgz#feacf7ccf525a77ae9634436a64883ffeca346fb"

on-finished@^2.3.0:
  version "2.3.0"
  resolved "http://npm.icsoc.net/on-finished/-/on-finished-2.3.0.tgz#20f1336481b083cd75337992a16971aa2d906947"
  dependencies:
    ee-first "1.1.1"

only@~0.0.2:
  version "0.0.2"
  resolved "http://npm.icsoc.net/only/-/only-0.0.2.tgz#2afde84d03e50b9a8edc444e30610a70295edfb4"

parseurl@^1.3.2:
  version "1.3.3"
  resolved "http://npm.icsoc.net/parseurl/-/parseurl-1.3.3.tgz#9da19e7bee8d12dff0513ed5b76957793bc2e8d4"

process-nextick-args@~2.0.0:
  version "2.0.0"
  resolved "http://npm.icsoc.net/process-nextick-args/-/process-nextick-args-2.0.0.tgz#a37d732f4271b4ab1ad070d35508e8290788ffaa"

pseudomap@^1.0.2:
  version "1.0.2"
  resolved "http://npm.icsoc.net/pseudomap/-/pseudomap-1.0.2.tgz#f052a28da70e618917ef0a8ac34c1ae5a68286b3"

qs@^6.5.2:
  version "6.7.0"
  resolved "http://npm.icsoc.net/qs/-/qs-6.7.0.tgz#41dc1a015e3d581f1621776be31afb2876a9b1bc"

raw-body@^2.3.3:
  version "2.4.0"
  resolved "http://npm.icsoc.net/raw-body/-/raw-body-2.4.0.tgz#a1ce6fb9c9bc356ca52e89256ab59059e13d0332"
  dependencies:
    bytes "3.1.0"
    http-errors "1.7.2"
    iconv-lite "0.4.24"
    unpipe "1.0.0"

readable-stream@2, readable-stream@2.3.6:
  version "2.3.6"
  resolved "http://npm.icsoc.net/readable-stream/-/readable-stream-2.3.6.tgz#b11c27d88b8ff1fbe070643cf94b0c79ae1b0aaf"
  dependencies:
    core-util-is "~1.0.0"
    inherits "~2.0.3"
    isarray "~1.0.0"
    process-nextick-args "~2.0.0"
    safe-buffer "~5.1.1"
    string_decoder "~1.1.1"
    util-deprecate "~1.0.1"

retry-as-promised@^3.1.0:
  version "3.2.0"
  resolved "http://npm.icsoc.net/retry-as-promised/-/retry-as-promised-3.2.0.tgz#769f63d536bec4783549db0777cb56dadd9d8543"
  dependencies:
    any-promise "^1.3.0"

rfdc@^1.1.2:
  version "1.1.4"
  resolved "http://npm.icsoc.net/rfdc/-/rfdc-1.1.4.tgz#ba72cc1367a0ccd9cf81a870b3b58bd3ad07f8c2"

safe-buffer@5.1.2, safe-buffer@~5.1.0, safe-buffer@~5.1.1:
  version "5.1.2"
  resolved "http://npm.icsoc.net/safe-buffer/-/safe-buffer-5.1.2.tgz#991ec69d296e0313747d59bdfd2b745c35f8828d"

"safer-buffer@>= 2.1.2 < 3":
  version "2.1.2"
  resolved "http://npm.icsoc.net/safer-buffer/-/safer-buffer-2.1.2.tgz#44fa161b0187b9549dd84bb91802f9bd8385cd6a"

semver@^5.6.0:
  version "5.7.0"
  resolved "http://npm.icsoc.net/semver/-/semver-5.7.0.tgz#790a7cf6fea5459bac96110b29b60412dc8ff96b"

seq-queue@^0.0.5:
  version "0.0.5"
  resolved "http://npm.icsoc.net/seq-queue/-/seq-queue-0.0.5.tgz#d56812e1c017a6e4e7c3e3a37a1da6d78dd3c93e"

sequelize-pool@^1.0.2:
  version "1.0.2"
  resolved "http://npm.icsoc.net/sequelize-pool/-/sequelize-pool-1.0.2.tgz#89c767882bbdb8a41dac66922ed9820939a5401e"
  dependencies:
    bluebird "^3.5.3"

sequelize@^5.8.7:
  version "5.8.7"
  resolved "http://npm.icsoc.net/sequelize/-/sequelize-5.8.7.tgz#3af2fd6051277d5fb5b32054c7f8aac4c4a04107"
  dependencies:
    bluebird "^3.5.0"
    cls-bluebird "^2.1.0"
    debug "^4.1.1"
    dottie "^2.0.0"
    inflection "1.12.0"
    lodash "^4.17.11"
    moment "^2.24.0"
    moment-timezone "^0.5.21"
    retry-as-promised "^3.1.0"
    semver "^5.6.0"
    sequelize-pool "^1.0.2"
    toposort-class "^1.0.1"
    uuid "^3.2.1"
    validator "^10.11.0"
    wkx "^0.4.6"

setprototypeof@1.1.1:
  version "1.1.1"
  resolved "http://npm.icsoc.net/setprototypeof/-/setprototypeof-1.1.1.tgz#7e95acb24aa92f5885e0abef5ba131330d4ae683"

shimmer@^1.1.0:
  version "1.2.1"
  resolved "http://npm.icsoc.net/shimmer/-/shimmer-1.2.1.tgz#610859f7de327b587efebf501fb43117f9aff337"

sqlstring@2.3.1, sqlstring@^2.3.1:
  version "2.3.1"
  resolved "http://npm.icsoc.net/sqlstring/-/sqlstring-2.3.1.tgz#475393ff9e91479aea62dcaf0ca3d14983a7fb40"

"statuses@>= 1.5.0 < 2", statuses@^1.0.0, statuses@^1.5.0:
  version "1.5.0"
  resolved "http://npm.icsoc.net/statuses/-/statuses-1.5.0.tgz#161c7dac177659fd9811f43771fa99381478628c"

streaming-json-stringify@3:
  version "3.1.0"
  resolved "http://npm.icsoc.net/streaming-json-stringify/-/streaming-json-stringify-3.1.0.tgz#80200437a993cc39c4fe00263b7b3b903ac87af5"
  dependencies:
    json-stringify-safe "5"
    readable-stream "2"

streamroller@^1.0.5:
  version "1.0.5"
  resolved "http://npm.icsoc.net/streamroller/-/streamroller-1.0.5.tgz#71660c20b06b1a7b204d46085731ad13c10a562d"
  dependencies:
    async "^2.6.2"
    date-format "^2.0.0"
    debug "^3.2.6"
    fs-extra "^7.0.1"
    lodash "^4.17.11"

string_decoder@~1.1.1:
  version "1.1.1"
  resolved "http://npm.icsoc.net/string_decoder/-/string_decoder-1.1.1.tgz#9cf1611ba62685d7030ae9e4ba34149c3af03fc8"
  dependencies:
    safe-buffer "~5.1.0"

toidentifier@1.0.0:
  version "1.0.0"
  resolved "http://npm.icsoc.net/toidentifier/-/toidentifier-1.0.0.tgz#7e1be3470f1e77948bc43d94a3c8f4d7752ba553"

toposort-class@^1.0.1:
  version "1.0.1"
  resolved "http://npm.icsoc.net/toposort-class/-/toposort-class-1.0.1.tgz#7ffd1f78c8be28c3ba45cd4e1a3f5ee193bd9988"

type-is@^1.6.16:
  version "1.6.18"
  resolved "http://npm.icsoc.net/type-is/-/type-is-1.6.18.tgz#4e552cd05df09467dcbc4ef739de89f2cf37c131"
  dependencies:
    media-typer "0.3.0"
    mime-types "~2.1.24"

universalify@^0.1.0:
  version "0.1.2"
  resolved "http://npm.icsoc.net/universalify/-/universalify-0.1.2.tgz#b646f69be3942dabcecc9d6639c80dc105efaa66"

unpipe@1.0.0:
  version "1.0.0"
  resolved "http://npm.icsoc.net/unpipe/-/unpipe-1.0.0.tgz#b2bf4ee8514aae6165b4817829d21b2ef49904ec"

util-deprecate@~1.0.1:
  version "1.0.2"
  resolved "http://npm.icsoc.net/util-deprecate/-/util-deprecate-1.0.2.tgz#450d4dc9fa70de732762fbd2d4a28981419a0ccf"

uuid@^3.2.1:
  version "3.3.2"
  resolved "http://npm.icsoc.net/uuid/-/uuid-3.3.2.tgz#1b4af4955eb3077c501c23872fc6513811587131"

validator@^10.11.0:
  version "10.11.0"
  resolved "http://npm.icsoc.net/validator/-/validator-10.11.0.tgz#003108ea6e9a9874d31ccc9e5006856ccd76b228"

vary@^1.1.2:
  version "1.1.2"
  resolved "http://npm.icsoc.net/vary/-/vary-1.1.2.tgz#2299f02c6ded30d4a5961b0b9f74524a18f634fc"

wkx@^0.4.6:
  version "0.4.6"
  resolved "http://npm.icsoc.net/wkx/-/wkx-0.4.6.tgz#228ab592e6457382ea6fb79fc825058d07fce523"
  dependencies:
    "@types/node" "*"

yallist@^2.1.2:
  version "2.1.2"
  resolved "http://npm.icsoc.net/yallist/-/yallist-2.1.2.tgz#1c11f9218f076089a47dd512f93c6699a6a81d52"

ylru@^1.2.0:
  version "1.2.1"
  resolved "http://npm.icsoc.net/ylru/-/ylru-1.2.1.tgz#f576b63341547989c1de7ba288760923b27fe84f"
